
Microsoft Visual Studio Solution File, Format Version 12.00
# Visual Studio Version 17
VisualStudioVersion = 17.11.35222.181
MinimumVisualStudioVersion = 10.0.40219.1
Project("{FAE04EC0-301F-11D3-BF4B-00C04F79EFBC}") = "Futebol_Varzea", "Futebol_Varzea.csproj", "{486CB63D-6715-426D-87D0-5A5A1460D52D}"
EndProject
Global
	GlobalSection(SolutionConfigurationPlatforms) = preSolution
		Debug|Any CPU = Debug|Any CPU
		Release|Any CPU = Release|Any CPU
	EndGlobalSection
	GlobalSection(ProjectConfigurationPlatforms) = postSolution
		{486CB63D-6715-426D-87D0-5A5A1460D52D}.Debug|Any CPU.ActiveCfg = Debug|Any CPU
		{486CB63D-6715-426D-87D0-5A5A1460D52D}.Debug|Any CPU.Build.0 = Debug|Any CPU
		{486CB63D-6715-426D-87D0-5A5A1460D52D}.Release|Any CPU.ActiveCfg = Release|Any CPU
		{486CB63D-6715-426D-87D0-5A5A1460D52D}.Release|Any CPU.Build.0 = Release|Any CPU
	EndGlobalSection
	GlobalSection(SolutionProperties) = preSolution
		HideSolutionNode = FALSE
	EndGlobalSection
	GlobalSection(ExtensibilityGlobals) = postSolution
		SolutionGuid = {532745EF-0814-4115-B8E0-B7B08CE577F0}
	EndGlobalSection
EndGlobal
